
Microsoft Visual Studio Solution File, Format Version 12.00
# Visual Studio Version 16
VisualStudioVersion = 16.0.30002.166
MinimumVisualStudioVersion = 10.0.40219.1
Project("{FAE04EC0-301F-11D3-BF4B-00C04F79EFBC}") = "ApirestFEVK", "ApirestFEVK\ApirestFEVK.csproj", "{DBAA2798-5145-47ED-BC9A-669820CA5642}"
EndProject
Global
	GlobalSection(SolutionConfigurationPlatforms) = preSolution
		Debug|Any CPU = Debug|Any CPU
		Release|Any CPU = Release|Any CPU
	EndGlobalSection
	GlobalSection(ProjectConfigurationPlatforms) = postSolution
		{DBAA2798-5145-47ED-BC9A-669820CA5642}.Debug|Any CPU.ActiveCfg = Debug|Any CPU
		{DBAA2798-5145-47ED-BC9A-669820CA5642}.Debug|Any CPU.Build.0 = Debug|Any CPU
		{DBAA2798-5145-47ED-BC9A-669820CA5642}.Release|Any CPU.ActiveCfg = Release|Any CPU
		{DBAA2798-5145-47ED-BC9A-669820CA5642}.Release|Any CPU.Build.0 = Release|Any CPU
	EndGlobalSection
	GlobalSection(SolutionProperties) = preSolution
		HideSolutionNode = FALSE
	EndGlobalSection
	GlobalSection(ExtensibilityGlobals) = postSolution
		SolutionGuid = {8993A933-EAC6-4C7F-80AB-7DFEDF0FDB80}
	EndGlobalSection
EndGlobal
